
Microsoft Visual Studio Solution File, Format Version 12.00
# Visual Studio Version 17
VisualStudioVersion = 17.10.35004.147
MinimumVisualStudioVersion = 10.0.40219.1
Project("{8BC9CEB8-8B4A-11D0-8D11-00A0C91BC942}") = "GraphicsPlayground", "GraphicsPlayground.vcxproj", "{6FEA0693-71B1-4791-AB6A-A6C3CE306560}"
EndProject
Global
	GlobalSection(SolutionConfigurationPlatforms) = preSolution
		Debug|x64 = Debug|x64
		Debug|x86 = Debug|x86
		Release|x64 = Release|x64
		Release|x86 = Release|x86
	EndGlobalSection
	GlobalSection(ProjectConfigurationPlatforms) = postSolution
		{6FEA0693-71B1-4791-AB6A-A6C3CE306560}.Debug|x64.ActiveCfg = Debug|x64
		{6FEA0693-71B1-4791-AB6A-A6C3CE306560}.Debug|x64.Build.0 = Debug|x64
		{6FEA0693-71B1-4791-AB6A-A6C3CE306560}.Debug|x86.ActiveCfg = Debug|Win32
		{6FEA0693-71B1-4791-AB6A-A6C3CE306560}.Debug|x86.Build.0 = Debug|Win32
		{6FEA0693-71B1-4791-AB6A-A6C3CE306560}.Release|x64.ActiveCfg = Release|x64
		{6FEA0693-71B1-4791-AB6A-A6C3CE306560}.Release|x64.Build.0 = Release|x64
		{6FEA0693-71B1-4791-AB6A-A6C3CE306560}.Release|x86.ActiveCfg = Release|Win32
		{6FEA0693-71B1-4791-AB6A-A6C3CE306560}.Release|x86.Build.0 = Release|Win32
	EndGlobalSection
	GlobalSection(SolutionProperties) = preSolution
		HideSolutionNode = FALSE
	EndGlobalSection
	GlobalSection(ExtensibilityGlobals) = postSolution
		SolutionGuid = {EFF000C7-AA84-482D-A11B-CB7A871EE38C}
	EndGlobalSection
EndGlobal
